
Microsoft Visual Studio Solution File, Format Version 12.00
# Visual Studio Version 16
VisualStudioVersion = 16.0.30105.148
MinimumVisualStudioVersion = 10.0.40219.1
Project("{FAE04EC0-301F-11D3-BF4B-00C04F79EFBC}") = "ClientResourceFullCS", "ClientResourceFullCS\ClientResourceFullCS.csproj", "{501B1FF1-E896-4B68-896D-2EB25340774C}"
EndProject
Global
	GlobalSection(SolutionConfigurationPlatforms) = preSolution
		Debug|Any CPU = Debug|Any CPU
		Release|Any CPU = Release|Any CPU
	EndGlobalSection
	GlobalSection(ProjectConfigurationPlatforms) = postSolution
		{501B1FF1-E896-4B68-896D-2EB25340774C}.Debug|Any CPU.ActiveCfg = Debug|Any CPU
		{501B1FF1-E896-4B68-896D-2EB25340774C}.Debug|Any CPU.Build.0 = Debug|Any CPU
		{501B1FF1-E896-4B68-896D-2EB25340774C}.Release|Any CPU.ActiveCfg = Release|Any CPU
		{501B1FF1-E896-4B68-896D-2EB25340774C}.Release|Any CPU.Build.0 = Release|Any CPU
	EndGlobalSection
	GlobalSection(SolutionProperties) = preSolution
		HideSolutionNode = FALSE
	EndGlobalSection
	GlobalSection(ExtensibilityGlobals) = postSolution
		SolutionGuid = {0543DBB9-7E8A-470C-B305-CAE3B297C067}
	EndGlobalSection
EndGlobal
